
Microsoft Visual Studio Solution File, Format Version 12.00
# Visual Studio 15
VisualStudioVersion = 15.0.28307.168
MinimumVisualStudioVersion = 10.0.40219.1
Project("{FAE04EC0-301F-11D3-BF4B-00C04F79EFBC}") = "Verdict", "Verdict\Verdict.csproj", "{C6485492-18DB-4873-BFC8-2A9A77E3CE62}"
EndProject
Global
	GlobalSection(SolutionConfigurationPlatforms) = preSolution
		Debug|Any CPU = Debug|Any CPU
		Release|Any CPU = Release|Any CPU
	EndGlobalSection
	GlobalSection(ProjectConfigurationPlatforms) = postSolution
		{C6485492-18DB-4873-BFC8-2A9A77E3CE62}.Debug|Any CPU.ActiveCfg = Debug|Any CPU
		{C6485492-18DB-4873-BFC8-2A9A77E3CE62}.Debug|Any CPU.Build.0 = Debug|Any CPU
		{C6485492-18DB-4873-BFC8-2A9A77E3CE62}.Release|Any CPU.ActiveCfg = Release|Any CPU
		{C6485492-18DB-4873-BFC8-2A9A77E3CE62}.Release|Any CPU.Build.0 = Release|Any CPU
	EndGlobalSection
	GlobalSection(SolutionProperties) = preSolution
		HideSolutionNode = FALSE
	EndGlobalSection
	GlobalSection(ExtensibilityGlobals) = postSolution
		SolutionGuid = {B3F111A0-B972-47EE-99E9-1088951F2DED}
	EndGlobalSection
EndGlobal
